#MicroXplorer Configuration settings - do not modify
Mcu.Family=STM32F7
ProjectManager.MainLocation=Core/Src
Dma.ADC3.0.FIFOMode=DMA_FIFOMODE_DISABLE
RCC.USART1Freq_Value=108000000
Dma.ADC3.0.Priority=DMA_PRIORITY_LOW
RCC.SAI1Freq_Value=192000000
RCC.CortexFreq_Value=216000000
Dma.ADC1.1.MemDataAlignment=DMA_MDATAALIGN_HALFWORD
ProjectManager.KeepUserCode=true
Mcu.UserName=STM32F746ZGTx
ADC1.ContinuousConvMode=ENABLE
PG2.Signal=GPIO_Output
RCC.PLLCLKFreq_Value=216000000
PG2.Locked=true
RCC.PLLQCLKFreq_Value=216000000
PG3.GPIOParameters=GPIO_Speed
ProjectManager.functionlistsort=1-MX_GPIO_Init-GPIO-false-HAL-true,2-MX_DMA_Init-DMA-false-HAL-true,3-SystemClock_Config-RCC-false-HAL-false,4-MX_ADC3_Init-ADC3-false-HAL-true,5-MX_LWIP_Init-LWIP-false-HAL-false,6-MX_ADC1_Init-ADC1-false-HAL-true,0-MX_CORTEX_M7_Init-CORTEX_M7-false-HAL-true
RCC.PLLI2SRCLKFreq_Value=192000000
RCC.USART2Freq_Value=54000000
PC5.Mode=RMII
PB13.Signal=ETH_TXD1
PG13.Signal=ETH_TXD0
PG2.GPIOParameters=GPIO_Speed
PinOutPanel.RotationAngle=0
PG11.Signal=ETH_TX_EN
RCC.SYSCLKSource=RCC_SYSCLKSOURCE_PLLCLK
ProjectManager.StackSize=0x400
PG2.GPIO_Speed=GPIO_SPEED_FREQ_VERY_HIGH
LWIP.NETMASK_ADDRESS=255.255.255.000
RCC.I2C3Freq_Value=54000000
RCC.LPTIM1Freq_Value=54000000
Mcu.IP4=ETH
Mcu.IP5=LWIP
RCC.FCLKCortexFreq_Value=216000000
Mcu.IP2=CORTEX_M7
NVIC.SVCall_IRQn=true\:0\:0\:false\:false\:true\:false\:false
Mcu.IP3=DMA
Mcu.IP0=ADC1
Mcu.IP1=ADC3
Mcu.UserConstants=
RCC.SDMMCFreq_Value=216000000
LWIP.IPParameters=LWIP_DHCP,IP_ADDRESS,NETMASK_ADDRESS,GATEWAY_ADDRESS
Dma.ADC1.1.Instance=DMA2_Stream4
Mcu.ThirdPartyNb=0
PH0/OSC_IN.Mode=HSE-External-Clock-Source
RCC.HCLKFreq_Value=216000000
RCC.I2C4Freq_Value=54000000
SH.ADCx_IN3.0=ADC1_IN3,IN3
Mcu.IPNb=9
RCC.PLLI2SRoutputFreq_Value=192000000
ProjectManager.PreviousToolchain=
RCC.APB2TimFreq_Value=216000000
Dma.ADC3.0.Direction=DMA_PERIPH_TO_MEMORY
RCC.SPDIFRXFreq_Value=192000000
Dma.ADC1.1.PeriphDataAlignment=DMA_PDATAALIGN_HALFWORD
PH1/OSC_OUT.Signal=RCC_OSC_OUT
SH.ADCx_IN3.ConfNb=1
Mcu.Pin6=PA3
ADC3.ScanConvMode=ADC_SCAN_DISABLE
RCC.SAI2Freq_Value=192000000
Mcu.Pin7=PA7
NVIC.DMA2_Stream0_IRQn=true\:0\:0\:false\:false\:true\:false\:true
Mcu.Pin8=PC4
Mcu.Pin9=PC5
RCC.VCOSAIOutputFreq_Value=384000000
Dma.ADC3.0.MemDataAlignment=DMA_MDATAALIGN_HALFWORD
RCC.AHBFreq_Value=216000000
Mcu.Pin0=PF3
Mcu.Pin1=PH0/OSC_IN
GPIO.groupedBy=Group By Peripherals
Mcu.Pin2=PH1/OSC_OUT
Mcu.Pin3=PC1
RCC.USART3Freq_Value=54000000
Mcu.Pin4=PA1
Mcu.Pin5=PA2
ADC3.SamplingTime-1\#ChannelRegularConversion=ADC_SAMPLETIME_480CYCLES
RCC.PLLSAIRCLKFreq_Value=192000000
ProjectManager.ProjectBuild=false
RCC.HSE_VALUE=8000000
PG13.Locked=true
NVIC.UsageFault_IRQn=true\:0\:0\:false\:false\:true\:false\:false
NVIC.DebugMonitor_IRQn=true\:0\:0\:false\:false\:true\:false\:false
PB3.Mode=Trace_Asynchronous_SW
NVIC.SysTick_IRQn=true\:0\:0\:false\:false\:true\:false\:true
Dma.ADC3.0.PeriphInc=DMA_PINC_DISABLE
ADC3.ExternalTrigConv=ADC_SOFTWARE_START
ProjectManager.FirmwarePackage=STM32Cube FW_F7 V1.16.1
MxDb.Version=DB.6.0.20
ProjectManager.BackupPrevious=false
RCC.VCOInputFreq_Value=2000000
Dma.ADC1.1.RequestParameters=Instance,Direction,PeriphInc,MemInc,PeriphDataAlignment,MemDataAlignment,Mode,Priority,FIFOMode
PA14.Mode=Trace_Asynchronous_SW
ADC3.ContinuousConvMode=ENABLE
File.Version=6
Dma.ADC1.1.Priority=DMA_PRIORITY_LOW
ADC3.IPParameters=NbrOfConversionFlag,Channel-1\#ChannelRegularConversion,ScanConvMode,ContinuousConvMode,DiscontinuousConvMode,EOCSelection,ExternalTrigConv,SamplingTime-1\#ChannelRegularConversion,DMAContinuousRequests,NbrOfConversion,Resolution,ClockPrescaler
Dma.ADC3.0.MemInc=DMA_MINC_ENABLE
Dma.ADC1.1.Mode=DMA_CIRCULAR
PG13.Mode=RMII
NVIC.PendSV_IRQn=true\:0\:0\:false\:false\:true\:false\:false
PF3.Signal=ADC3_IN9
PH1/OSC_OUT.Mode=HSE-External-Clock-Source
Dma.RequestsNb=2
ProjectManager.HalAssertFull=false
ProjectManager.ProjectName=ADC_DMA_UDP
RCC.MCO2PinFreq_Value=216000000
Mcu.Package=LQFP144
PG11.Locked=true
Dma.ADC1.1.Direction=DMA_PERIPH_TO_MEMORY
ProjectManager.ToolChainLocation=
RCC.LSI_VALUE=32000
VP_SYS_VS_Systick.Signal=SYS_VS_Systick
Dma.ADC1.1.MemInc=DMA_MINC_ENABLE
ADC3.ClockPrescaler=ADC_CLOCK_SYNC_PCLK_DIV4
ADC3.DMAContinuousRequests=ENABLE
RCC.APB2CLKDivider=RCC_HCLK_DIV2
RCC.CECFreq_Value=32786.88524590164
Dma.Request1=ADC1
RCC.APB1TimFreq_Value=108000000
Dma.ADC3.0.Instance=DMA2_Stream0
NVIC.BusFault_IRQn=true\:0\:0\:false\:false\:true\:false\:false
PC5.Signal=ETH_RXD1
PB13.Mode=RMII
Dma.Request0=ADC3
ProjectManager.CustomerFirmwarePackage=
PC4.Mode=RMII
VP_LWIP_VS_Enabled.Signal=LWIP_VS_Enabled
RCC.PLLSAIQCLKFreq_Value=192000000
LWIP.IP_ADDRESS=192.168.001.010
PA3.Signal=ADCx_IN3
ETH.AutoNegotiation=ETH_AUTONEGOTIATION_DISABLE
RCC.PLLSourceVirtual=RCC_PLLSOURCE_HSE
RCC.I2SFreq_Value=192000000
ADC3.DiscontinuousConvMode=DISABLE
RCC.PLLQoutputFreq_Value=216000000
ProjectManager.ProjectFileName=ADC_DMA_UDP.ioc
PA7.Mode=RMII
RCC.UART7Freq_Value=54000000
PF3.Mode=IN9
Mcu.PinsNb=20
ProjectManager.NoMain=false
PG3.Signal=GPIO_Output
ADC1.IPParameters=Rank-1\#ChannelRegularConversion,master,Channel-1\#ChannelRegularConversion,SamplingTime-1\#ChannelRegularConversion,NbrOfConversionFlag,ContinuousConvMode,DMAContinuousRequests
PG3.Locked=true
PC4.Signal=ETH_RXD0
ProjectManager.DefaultFWLocation=true
LWIP.LWIP_DHCP=0
ProjectManager.DeletePrevious=true
RCC.UART8Freq_Value=54000000
RCC.APB1CLKDivider=RCC_HCLK_DIV4
RCC.LCDTFToutputFreq_Value=96000000
ETH.PhyAddress=0
RCC.FamilyName=M
ADC3.Resolution=ADC_RESOLUTION_12B
VP_LWIP_VS_Enabled.Mode=Enabled
LWIP.GATEWAY_ADDRESS=192.168.001.001
ETH.IPParameters=MediaInterface,AutoNegotiation,PhyAddress
PA13.Signal=SYS_JTMS-SWDIO
ProjectManager.TargetToolchain=STM32CubeIDE
RCC.USART6Freq_Value=108000000
ADC1.Channel-1\#ChannelRegularConversion=ADC_CHANNEL_3
ProjectManager.RegisterCallBack=
RCC.USBFreq_Value=216000000
ADC3.NbrOfConversion=1
RCC.PLLSAIoutputFreq_Value=192000000
RCC.LSE_VALUE=32768
PA1.Signal=ETH_REF_CLK
RCC.VCOI2SOutputFreq_Value=384000000
RCC.PLLSAIPCLKFreq_Value=192000000
board=custom
RCC.VCOOutputFreq_Value=432000000
ProjectManager.LastFirmware=true
PH0/OSC_IN.Signal=RCC_OSC_IN
Dma.ADC1.1.FIFOMode=DMA_FIFOMODE_DISABLE
RCC.APB2Freq_Value=108000000
PA1.Mode=RMII
RCC.UART4Freq_Value=54000000
MxCube.Version=6.2.0
RCC.I2C1Freq_Value=54000000
RCC.PLLI2SPCLKFreq_Value=192000000
RCC.RNGFreq_Value=216000000
VP_SYS_VS_Systick.Mode=SysTick
RCC.EthernetFreq_Value=216000000
NVIC.NonMaskableInt_IRQn=true\:0\:0\:false\:false\:true\:false\:false
Dma.ADC1.1.PeriphInc=DMA_PINC_DISABLE
ADC1.DMAContinuousRequests=ENABLE
RCC.UART5Freq_Value=54000000
PA13.Mode=Trace_Asynchronous_SW
ProjectManager.FreePins=false
RCC.IPParameters=AHBFreq_Value,APB1CLKDivider,APB1Freq_Value,APB1TimFreq_Value,APB2CLKDivider,APB2Freq_Value,APB2TimFreq_Value,CECFreq_Value,CortexFreq_Value,EthernetFreq_Value,FCLKCortexFreq_Value,FamilyName,HCLKFreq_Value,HSE_VALUE,HSI_VALUE,I2C1Freq_Value,I2C2Freq_Value,I2C3Freq_Value,I2C4Freq_Value,I2SFreq_Value,LCDTFToutputFreq_Value,LPTIM1Freq_Value,LSE_VALUE,LSI_VALUE,MCO2PinFreq_Value,PLLCLKFreq_Value,PLLI2SPCLKFreq_Value,PLLI2SQCLKFreq_Value,PLLI2SRCLKFreq_Value,PLLI2SRoutputFreq_Value,PLLM,PLLN,PLLQCLKFreq_Value,PLLQoutputFreq_Value,PLLSAIPCLKFreq_Value,PLLSAIQCLKFreq_Value,PLLSAIRCLKFreq_Value,PLLSAIoutputFreq_Value,PLLSourceVirtual,RNGFreq_Value,SAI1Freq_Value,SAI2Freq_Value,SDMMCFreq_Value,SPDIFRXFreq_Value,SYSCLKFreq_VALUE,SYSCLKSource,UART4Freq_Value,UART5Freq_Value,UART7Freq_Value,UART8Freq_Value,USART1Freq_Value,USART2Freq_Value,USART3Freq_Value,USART6Freq_Value,USBFreq_Value,VCOI2SOutputFreq_Value,VCOInputFreq_Value,VCOOutputFreq_Value,VCOSAIOutputFreq_Value
ProjectManager.AskForMigrate=true
Mcu.Name=STM32F746ZGTx
Dma.ADC3.0.PeriphDataAlignment=DMA_PDATAALIGN_HALFWORD
RCC.PLLI2SQCLKFreq_Value=192000000
ADC3.Channel-1\#ChannelRegularConversion=ADC_CHANNEL_9
NVIC.DMA2_Stream4_IRQn=true\:0\:0\:false\:false\:true\:false\:true
PA2.Signal=ETH_MDIO
ProjectManager.UnderRoot=true
Mcu.IP8=SYS
Mcu.IP6=NVIC
Mcu.IP7=RCC
ProjectManager.CoupleFile=true
PB3.Signal=SYS_JTDO-SWO
ADC1.SamplingTime-1\#ChannelRegularConversion=ADC_SAMPLETIME_480CYCLES
RCC.SYSCLKFreq_VALUE=216000000
ETH.MediaInterface=ETH_MEDIA_INTERFACE_RMII
ADC1.master=1
NVIC.ForceEnableDMAVector=true
KeepUserPlacement=false
NVIC.MemoryManagement_IRQn=true\:0\:0\:false\:false\:true\:false\:false
ProjectManager.CompilerOptimize=6
ADC1.Rank-1\#ChannelRegularConversion=1
PG11.Mode=RMII
PG3.GPIO_Speed=GPIO_SPEED_FREQ_VERY_HIGH
PA14.Signal=SYS_JTCK-SWCLK
ProjectManager.HeapSize=0x200
Mcu.Pin15=PG11
NVIC.HardFault_IRQn=true\:0\:0\:false\:false\:true\:false\:false
Mcu.Pin16=PG13
ADC3.EOCSelection=ADC_EOC_SINGLE_CONV
LWIP.Version=v2.1.2_Cube
Mcu.Pin13=PA13
Dma.ADC3.0.Mode=DMA_CIRCULAR
Mcu.Pin14=PA14
Mcu.Pin19=VP_SYS_VS_Systick
ProjectManager.ComputerToolchain=false
Mcu.Pin17=PB3
RCC.HSI_VALUE=16000000
Mcu.Pin18=VP_LWIP_VS_Enabled
Dma.ADC3.0.RequestParameters=Instance,Direction,PeriphInc,MemInc,PeriphDataAlignment,MemDataAlignment,Mode,Priority,FIFOMode
NVIC.PriorityGroup=NVIC_PRIORITYGROUP_4
ADC1.NbrOfConversionFlag=1
Mcu.Pin11=PG2
Mcu.Pin12=PG3
RCC.PLLM=4
RCC.PLLN=216
Mcu.Pin10=PB13
PA2.Mode=RMII
RCC.I2C2Freq_Value=54000000
RCC.APB1Freq_Value=54000000
ADC3.NbrOfConversionFlag=1
ProjectManager.DeviceId=STM32F746ZGTx
PC1.Signal=ETH_MDC
ProjectManager.LibraryCopy=1
PC1.Mode=RMII
PA7.Signal=ETH_CRS_DV
isbadioc=false
